
Microsoft Visual Studio Solution File, Format Version 12.00
# Visual Studio 14
VisualStudioVersion = 14.0.23107.0
MinimumVisualStudioVersion = 10.0.40219.1
Project("{FAE04EC0-301F-11D3-BF4B-00C04F79EFBC}") = "R1_lammas", "R1_lammas\R1_lammas.csproj", "{64448E83-AA05-401B-9D88-B74A6F4CAFE9}"
EndProject
Global
	GlobalSection(SolutionConfigurationPlatforms) = preSolution
		Debug|Any CPU = Debug|Any CPU
		Release|Any CPU = Release|Any CPU
	EndGlobalSection
	GlobalSection(ProjectConfigurationPlatforms) = postSolution
		{64448E83-AA05-401B-9D88-B74A6F4CAFE9}.Debug|Any CPU.ActiveCfg = Debug|Any CPU
		{64448E83-AA05-401B-9D88-B74A6F4CAFE9}.Debug|Any CPU.Build.0 = Debug|Any CPU
		{64448E83-AA05-401B-9D88-B74A6F4CAFE9}.Release|Any CPU.ActiveCfg = Release|Any CPU
		{64448E83-AA05-401B-9D88-B74A6F4CAFE9}.Release|Any CPU.Build.0 = Release|Any CPU
	EndGlobalSection
	GlobalSection(SolutionProperties) = preSolution
		HideSolutionNode = FALSE
	EndGlobalSection
EndGlobal
